
Microsoft Visual Studio Solution File, Format Version 12.00
# Visual Studio 15
VisualStudioVersion = 15.0.28010.2036
MinimumVisualStudioVersion = 10.0.40219.1
Project("{FAE04EC0-301F-11D3-BF4B-00C04F79EFBC}") = "LabPractical1", "LabPractical1.csproj", "{BD9CC9D3-D111-4542-9D6C-23C3478D97BD}"
EndProject
Global
	GlobalSection(SolutionConfigurationPlatforms) = preSolution
		Debug|Any CPU = Debug|Any CPU
		Release|Any CPU = Release|Any CPU
	EndGlobalSection
	GlobalSection(ProjectConfigurationPlatforms) = postSolution
		{BD9CC9D3-D111-4542-9D6C-23C3478D97BD}.Debug|Any CPU.ActiveCfg = Debug|Any CPU
		{BD9CC9D3-D111-4542-9D6C-23C3478D97BD}.Debug|Any CPU.Build.0 = Debug|Any CPU
		{BD9CC9D3-D111-4542-9D6C-23C3478D97BD}.Release|Any CPU.ActiveCfg = Release|Any CPU
		{BD9CC9D3-D111-4542-9D6C-23C3478D97BD}.Release|Any CPU.Build.0 = Release|Any CPU
	EndGlobalSection
	GlobalSection(SolutionProperties) = preSolution
		HideSolutionNode = FALSE
	EndGlobalSection
	GlobalSection(ExtensibilityGlobals) = postSolution
		SolutionGuid = {322237F9-427A-4F73-85B2-2DEA7E9D1A5D}
	EndGlobalSection
EndGlobal
